Microsoft Visual Studio Solution File, Format Version 12.00
# Visual Studio Version 17
VisualStudioVersion = 17.5.2.0
MinimumVisualStudioVersion = 10.0.40219.1
Project("{FAE04EC0-301F-11D3-BF4B-00C04F79EFBC}") = "PomodoroTimer", "PomodoroTimer\PomodoroTimer.csproj", "{5F5E90F1-D390-BF64-F994-2F91E315EB04}"
EndProject
Project("{FAE04EC0-301F-11D3-BF4B-00C04F79EFBC}") = "PomodoroTimer.UnitTests", "PomodoroTimer.UnitTests\PomodoroTimer.UnitTests.csproj", "{9B479C36-1392-3D63-6A40-DFFD596A71D0}"
EndProject
Global
	GlobalSection(SolutionConfigurationPlatforms) = preSolution
		Debug|Any CPU = Debug|Any CPU
		Release|Any CPU = Release|Any CPU
	EndGlobalSection
	GlobalSection(ProjectConfigurationPlatforms) = postSolution
		{5F5E90F1-D390-BF64-F994-2F91E315EB04}.Debug|Any CPU.ActiveCfg = Debug|Any CPU
		{5F5E90F1-D390-BF64-F994-2F91E315EB04}.Debug|Any CPU.Build.0 = Debug|Any CPU
		{5F5E90F1-D390-BF64-F994-2F91E315EB04}.Release|Any CPU.ActiveCfg = Release|Any CPU
		{5F5E90F1-D390-BF64-F994-2F91E315EB04}.Release|Any CPU.Build.0 = Release|Any CPU
		{9B479C36-1392-3D63-6A40-DFFD596A71D0}.Debug|Any CPU.ActiveCfg = Debug|Any CPU
		{9B479C36-1392-3D63-6A40-DFFD596A71D0}.Debug|Any CPU.Build.0 = Debug|Any CPU
		{9B479C36-1392-3D63-6A40-DFFD596A71D0}.Release|Any CPU.ActiveCfg = Release|Any CPU
		{9B479C36-1392-3D63-6A40-DFFD596A71D0}.Release|Any CPU.Build.0 = Release|Any CPU
	EndGlobalSection
	GlobalSection(SolutionProperties) = preSolution
		HideSolutionNode = FALSE
	EndGlobalSection
	GlobalSection(ExtensibilityGlobals) = postSolution
		SolutionGuid = {5CCCFED9-9085-4AC8-BD5F-A864AAB31B9E}
	EndGlobalSection
EndGlobal
